
Microsoft Visual Studio Solution File, Format Version 12.00
# Visual Studio Version 16
VisualStudioVersion = 16.0.30907.101
MinimumVisualStudioVersion = 10.0.40219.1
Project("{FAE04EC0-301F-11D3-BF4B-00C04F79EFBC}") = "DataAccess", "DataAccess\DataAccess.csproj", "{578E8324-A368-429B-8EA7-05AD3B01E527}"
EndProject
Project("{FAE04EC0-301F-11D3-BF4B-00C04F79EFBC}") = "Business", "Business\Business.csproj", "{38B405F2-8B00-4A49-A1EF-27FA66DC9681}"
EndProject
Project("{FAE04EC0-301F-11D3-BF4B-00C04F79EFBC}") = "Entities", "Entities\Entities.csproj", "{BF20BEA0-E5D2-4144-99FE-5519F5B0A0DA}"
EndProject
Project("{FAE04EC0-301F-11D3-BF4B-00C04F79EFBC}") = "ConsoleUI", "ConsoleUI\ConsoleUI.csproj", "{62A24EEC-51A6-4C3A-AEB5-2EA6E5F49BE4}"
EndProject
Global
	GlobalSection(SolutionConfigurationPlatforms) = preSolution
		Debug|Any CPU = Debug|Any CPU
		Release|Any CPU = Release|Any CPU
	EndGlobalSection
	GlobalSection(ProjectConfigurationPlatforms) = postSolution
		{578E8324-A368-429B-8EA7-05AD3B01E527}.Debug|Any CPU.ActiveCfg = Debug|Any CPU
		{578E8324-A368-429B-8EA7-05AD3B01E527}.Debug|Any CPU.Build.0 = Debug|Any CPU
		{578E8324-A368-429B-8EA7-05AD3B01E527}.Release|Any CPU.ActiveCfg = Release|Any CPU
		{578E8324-A368-429B-8EA7-05AD3B01E527}.Release|Any CPU.Build.0 = Release|Any CPU
		{38B405F2-8B00-4A49-A1EF-27FA66DC9681}.Debug|Any CPU.ActiveCfg = Debug|Any CPU
		{38B405F2-8B00-4A49-A1EF-27FA66DC9681}.Debug|Any CPU.Build.0 = Debug|Any CPU
		{38B405F2-8B00-4A49-A1EF-27FA66DC9681}.Release|Any CPU.ActiveCfg = Release|Any CPU
		{38B405F2-8B00-4A49-A1EF-27FA66DC9681}.Release|Any CPU.Build.0 = Release|Any CPU
		{BF20BEA0-E5D2-4144-99FE-5519F5B0A0DA}.Debug|Any CPU.ActiveCfg = Debug|Any CPU
		{BF20BEA0-E5D2-4144-99FE-5519F5B0A0DA}.Debug|Any CPU.Build.0 = Debug|Any CPU
		{BF20BEA0-E5D2-4144-99FE-5519F5B0A0DA}.Release|Any CPU.ActiveCfg = Release|Any CPU
		{BF20BEA0-E5D2-4144-99FE-5519F5B0A0DA}.Release|Any CPU.Build.0 = Release|Any CPU
		{62A24EEC-51A6-4C3A-AEB5-2EA6E5F49BE4}.Debug|Any CPU.ActiveCfg = Debug|Any CPU
		{62A24EEC-51A6-4C3A-AEB5-2EA6E5F49BE4}.Debug|Any CPU.Build.0 = Debug|Any CPU
		{62A24EEC-51A6-4C3A-AEB5-2EA6E5F49BE4}.Release|Any CPU.ActiveCfg = Release|Any CPU
		{62A24EEC-51A6-4C3A-AEB5-2EA6E5F49BE4}.Release|Any CPU.Build.0 = Release|Any CPU
	EndGlobalSection
	GlobalSection(SolutionProperties) = preSolution
		HideSolutionNode = FALSE
	EndGlobalSection
	GlobalSection(ExtensibilityGlobals) = postSolution
		SolutionGuid = {AD003C56-985F-4935-9870-E41F8B5986F3}
	EndGlobalSection
EndGlobal
